
Microsoft Visual Studio Solution File, Format Version 12.00
# Visual Studio Version 17
VisualStudioVersion = 17.7.34221.43
MinimumVisualStudioVersion = 10.0.40219.1
Project("{FAE04EC0-301F-11D3-BF4B-00C04F79EFBC}") = "Exercicio04", "Exercicio04\Exercicio04.csproj", "{A29E2C07-8509-413B-B68B-5D1E1EFA3441}"
EndProject
Global
	GlobalSection(SolutionConfigurationPlatforms) = preSolution
		Debug|Any CPU = Debug|Any CPU
		Release|Any CPU = Release|Any CPU
	EndGlobalSection
	GlobalSection(ProjectConfigurationPlatforms) = postSolution
		{A29E2C07-8509-413B-B68B-5D1E1EFA3441}.Debug|Any CPU.ActiveCfg = Debug|Any CPU
		{A29E2C07-8509-413B-B68B-5D1E1EFA3441}.Debug|Any CPU.Build.0 = Debug|Any CPU
		{A29E2C07-8509-413B-B68B-5D1E1EFA3441}.Release|Any CPU.ActiveCfg = Release|Any CPU
		{A29E2C07-8509-413B-B68B-5D1E1EFA3441}.Release|Any CPU.Build.0 = Release|Any CPU
	EndGlobalSection
	GlobalSection(SolutionProperties) = preSolution
		HideSolutionNode = FALSE
	EndGlobalSection
	GlobalSection(ExtensibilityGlobals) = postSolution
		SolutionGuid = {99B0A56F-7B14-4E87-B62B-898966F09025}
	EndGlobalSection
EndGlobal
